
Microsoft Visual Studio Solution File, Format Version 12.00
# Visual Studio Version 17
VisualStudioVersion = 17.8.34330.188
MinimumVisualStudioVersion = 10.0.40219.1
Project("{FAE04EC0-301F-11D3-BF4B-00C04F79EFBC}") = "AviationSalonWeb", "AviationSalonWeb\AviationSalonWeb.csproj", "{F69ABD24-FA20-441A-A35D-4D41951D281E}"
EndProject
Global
	GlobalSection(SolutionConfigurationPlatforms) = preSolution
		Debug|Any CPU = Debug|Any CPU
		Release|Any CPU = Release|Any CPU
	EndGlobalSection
	GlobalSection(ProjectConfigurationPlatforms) = postSolution
		{F69ABD24-FA20-441A-A35D-4D41951D281E}.Debug|Any CPU.ActiveCfg = Debug|Any CPU
		{F69ABD24-FA20-441A-A35D-4D41951D281E}.Debug|Any CPU.Build.0 = Debug|Any CPU
		{F69ABD24-FA20-441A-A35D-4D41951D281E}.Release|Any CPU.ActiveCfg = Release|Any CPU
		{F69ABD24-FA20-441A-A35D-4D41951D281E}.Release|Any CPU.Build.0 = Release|Any CPU
	EndGlobalSection
	GlobalSection(SolutionProperties) = preSolution
		HideSolutionNode = FALSE
	EndGlobalSection
	GlobalSection(ExtensibilityGlobals) = postSolution
		SolutionGuid = {06D772F1-6AB4-4C0A-BD97-A868F7367372}
	EndGlobalSection
EndGlobal
