
Microsoft Visual Studio Solution File, Format Version 12.00
# Visual Studio Version 17
VisualStudioVersion = 17.8.34330.188
MinimumVisualStudioVersion = 10.0.40219.1
Project("{9A19103F-16F7-4668-BE54-9A1E7A4F7556}") = "AviationSalon.WebUI", "AviationSalonWeb\AviationSalon.WebUI.csproj", "{F69ABD24-FA20-441A-A35D-4D41951D281E}"
EndProject
Project("{FAE04EC0-301F-11D3-BF4B-00C04F79EFBC}") = "AviationSalon.Core", "AviationSalon.Core\AviationSalon.Core.csproj", "{192B2FE4-CC63-4F86-A192-EA1B3A7C3DE6}"
EndProject
Project("{FAE04EC0-301F-11D3-BF4B-00C04F79EFBC}") = "AviationSalon.App", "AviationSalon.App\AviationSalon.App.csproj", "{6279088B-DF3F-4FA7-B2C3-500DC2C7C55B}"
EndProject
Project("{FAE04EC0-301F-11D3-BF4B-00C04F79EFBC}") = "AviationSalon.Infrastructure", "AviationSalon.Infrastructure\AviationSalon.Infrastructure.csproj", "{D27F466A-DFEB-488A-8908-E142C526B4B8}"
EndProject
Global
	GlobalSection(SolutionConfigurationPlatforms) = preSolution
		Debug|Any CPU = Debug|Any CPU
		Release|Any CPU = Release|Any CPU
	EndGlobalSection
	GlobalSection(ProjectConfigurationPlatforms) = postSolution
		{F69ABD24-FA20-441A-A35D-4D41951D281E}.Debug|Any CPU.ActiveCfg = Debug|Any CPU
		{F69ABD24-FA20-441A-A35D-4D41951D281E}.Debug|Any CPU.Build.0 = Debug|Any CPU
		{F69ABD24-FA20-441A-A35D-4D41951D281E}.Release|Any CPU.ActiveCfg = Release|Any CPU
		{F69ABD24-FA20-441A-A35D-4D41951D281E}.Release|Any CPU.Build.0 = Release|Any CPU
		{192B2FE4-CC63-4F86-A192-EA1B3A7C3DE6}.Debug|Any CPU.ActiveCfg = Debug|Any CPU
		{192B2FE4-CC63-4F86-A192-EA1B3A7C3DE6}.Debug|Any CPU.Build.0 = Debug|Any CPU
		{192B2FE4-CC63-4F86-A192-EA1B3A7C3DE6}.Release|Any CPU.ActiveCfg = Release|Any CPU
		{192B2FE4-CC63-4F86-A192-EA1B3A7C3DE6}.Release|Any CPU.Build.0 = Release|Any CPU
		{6279088B-DF3F-4FA7-B2C3-500DC2C7C55B}.Debug|Any CPU.ActiveCfg = Debug|Any CPU
		{6279088B-DF3F-4FA7-B2C3-500DC2C7C55B}.Debug|Any CPU.Build.0 = Debug|Any CPU
		{6279088B-DF3F-4FA7-B2C3-500DC2C7C55B}.Release|Any CPU.ActiveCfg = Release|Any CPU
		{6279088B-DF3F-4FA7-B2C3-500DC2C7C55B}.Release|Any CPU.Build.0 = Release|Any CPU
		{D27F466A-DFEB-488A-8908-E142C526B4B8}.Debug|Any CPU.ActiveCfg = Debug|Any CPU
		{D27F466A-DFEB-488A-8908-E142C526B4B8}.Debug|Any CPU.Build.0 = Debug|Any CPU
		{D27F466A-DFEB-488A-8908-E142C526B4B8}.Release|Any CPU.ActiveCfg = Release|Any CPU
		{D27F466A-DFEB-488A-8908-E142C526B4B8}.Release|Any CPU.Build.0 = Release|Any CPU
	EndGlobalSection
	GlobalSection(SolutionProperties) = preSolution
		HideSolutionNode = FALSE
	EndGlobalSection
	GlobalSection(ExtensibilityGlobals) = postSolution
		SolutionGuid = {06D772F1-6AB4-4C0A-BD97-A868F7367372}
	EndGlobalSection
EndGlobal
